
Microsoft Visual Studio Solution File, Format Version 12.00
# Visual Studio Version 17
VisualStudioVersion = 17.3.32819.101
MinimumVisualStudioVersion = 10.0.40219.1
Project("{FAE04EC0-301F-11D3-BF4B-00C04F79EFBC}") = "HashSet", "HashSet\HashSet.csproj", "{1D558139-5841-4A34-A51A-043A2700D922}"
EndProject
Global
	GlobalSection(SolutionConfigurationPlatforms) = preSolution
		Debug|Any CPU = Debug|Any CPU
		Release|Any CPU = Release|Any CPU
	EndGlobalSection
	GlobalSection(ProjectConfigurationPlatforms) = postSolution
		{1D558139-5841-4A34-A51A-043A2700D922}.Debug|Any CPU.ActiveCfg = Debug|Any CPU
		{1D558139-5841-4A34-A51A-043A2700D922}.Debug|Any CPU.Build.0 = Debug|Any CPU
		{1D558139-5841-4A34-A51A-043A2700D922}.Release|Any CPU.ActiveCfg = Release|Any CPU
		{1D558139-5841-4A34-A51A-043A2700D922}.Release|Any CPU.Build.0 = Release|Any CPU
	EndGlobalSection
	GlobalSection(SolutionProperties) = preSolution
		HideSolutionNode = FALSE
	EndGlobalSection
	GlobalSection(ExtensibilityGlobals) = postSolution
		SolutionGuid = {2A0D7A94-7837-4C21-8F24-2D8E744B572A}
	EndGlobalSection
EndGlobal
